
Microsoft Visual Studio Solution File, Format Version 12.00
# Visual Studio Version 17
VisualStudioVersion = 17.11.35208.52
MinimumVisualStudioVersion = 10.0.40219.1
Project("{2150E333-8FDC-42A3-9474-1A3956D46DE8}") = "src", "src", "{C8344E8D-413A-4173-A86F-F58B0FD3DE21}"
EndProject
Project("{2150E333-8FDC-42A3-9474-1A3956D46DE8}") = "docs", "docs", "{F1CEF8E2-CFEC-4940-9077-E0D739A99451}"
EndProject
Project("{9A19103F-16F7-4668-BE54-9A1E7A4F7556}") = "Ekzakt.IpGeoLocationService.Core", "src\Ekzakt.IpGeoLocationService.Core\Ekzakt.IpGeoLocationService.Core.csproj", "{3C9978E7-46A3-4200-9A8E-D58FA12B2BD1}"
EndProject
Project("{9A19103F-16F7-4668-BE54-9A1E7A4F7556}") = "Ekzakt.IpGeoLocationService.IpInfo", "src\Ekzakt.IpGeoLocationService.IpInfo\Ekzakt.IpGeoLocationService.IpInfo.csproj", "{DE051CFF-E3E8-4F96-A4E7-47E12F9754D9}"
EndProject
Global
	GlobalSection(SolutionConfigurationPlatforms) = preSolution
		Debug|Any CPU = Debug|Any CPU
		Release|Any CPU = Release|Any CPU
	EndGlobalSection
	GlobalSection(ProjectConfigurationPlatforms) = postSolution
		{3C9978E7-46A3-4200-9A8E-D58FA12B2BD1}.Debug|Any CPU.ActiveCfg = Debug|Any CPU
		{3C9978E7-46A3-4200-9A8E-D58FA12B2BD1}.Debug|Any CPU.Build.0 = Debug|Any CPU
		{3C9978E7-46A3-4200-9A8E-D58FA12B2BD1}.Release|Any CPU.ActiveCfg = Release|Any CPU
		{3C9978E7-46A3-4200-9A8E-D58FA12B2BD1}.Release|Any CPU.Build.0 = Release|Any CPU
		{DE051CFF-E3E8-4F96-A4E7-47E12F9754D9}.Debug|Any CPU.ActiveCfg = Debug|Any CPU
		{DE051CFF-E3E8-4F96-A4E7-47E12F9754D9}.Debug|Any CPU.Build.0 = Debug|Any CPU
		{DE051CFF-E3E8-4F96-A4E7-47E12F9754D9}.Release|Any CPU.ActiveCfg = Release|Any CPU
		{DE051CFF-E3E8-4F96-A4E7-47E12F9754D9}.Release|Any CPU.Build.0 = Release|Any CPU
	EndGlobalSection
	GlobalSection(SolutionProperties) = preSolution
		HideSolutionNode = FALSE
	EndGlobalSection
	GlobalSection(NestedProjects) = preSolution
		{3C9978E7-46A3-4200-9A8E-D58FA12B2BD1} = {C8344E8D-413A-4173-A86F-F58B0FD3DE21}
		{DE051CFF-E3E8-4F96-A4E7-47E12F9754D9} = {C8344E8D-413A-4173-A86F-F58B0FD3DE21}
	EndGlobalSection
	GlobalSection(ExtensibilityGlobals) = postSolution
		SolutionGuid = {C75F2190-6B4B-45BB-A08E-E5301A6B979C}
	EndGlobalSection
EndGlobal
