
Microsoft Visual Studio Solution File, Format Version 12.00
# Visual Studio Version 17
VisualStudioVersion = 17.11.35208.52
MinimumVisualStudioVersion = 10.0.40219.1
Project("{2150E333-8FDC-42A3-9474-1A3956D46DE8}") = "src", "src", "{C8344E8D-413A-4173-A86F-F58B0FD3DE21}"
EndProject
Project("{2150E333-8FDC-42A3-9474-1A3956D46DE8}") = "tests", "tests", "{6764DF26-970D-4893-9B00-5358784BB601}"
EndProject
Project("{2150E333-8FDC-42A3-9474-1A3956D46DE8}") = "docs", "docs", "{F1CEF8E2-CFEC-4940-9077-E0D739A99451}"
EndProject
Project("{9A19103F-16F7-4668-BE54-9A1E7A4F7556}") = "Ekzakt.IpGeoLocation.Core", "src\Ekzakt.IpGeoLocation.Core\Ekzakt.IpGeoLocation.Core.csproj", "{A0B17D4D-09C4-43C9-A3B2-73F295B98C40}"
EndProject
Project("{9A19103F-16F7-4668-BE54-9A1E7A4F7556}") = "Ekzakt.IpGeoLocation.IpInfo", "src\Ekzakt.IpGeoLocation.IpInfo\Ekzakt.IpGeoLocation.IpInfo.csproj", "{5766B6AD-1048-4A7D-9F18-E18002328BB4}"
EndProject
Global
	GlobalSection(SolutionConfigurationPlatforms) = preSolution
		Debug|Any CPU = Debug|Any CPU
		Release|Any CPU = Release|Any CPU
	EndGlobalSection
	GlobalSection(ProjectConfigurationPlatforms) = postSolution
		{A0B17D4D-09C4-43C9-A3B2-73F295B98C40}.Debug|Any CPU.ActiveCfg = Debug|Any CPU
		{A0B17D4D-09C4-43C9-A3B2-73F295B98C40}.Debug|Any CPU.Build.0 = Debug|Any CPU
		{A0B17D4D-09C4-43C9-A3B2-73F295B98C40}.Release|Any CPU.ActiveCfg = Release|Any CPU
		{A0B17D4D-09C4-43C9-A3B2-73F295B98C40}.Release|Any CPU.Build.0 = Release|Any CPU
		{5766B6AD-1048-4A7D-9F18-E18002328BB4}.Debug|Any CPU.ActiveCfg = Debug|Any CPU
		{5766B6AD-1048-4A7D-9F18-E18002328BB4}.Debug|Any CPU.Build.0 = Debug|Any CPU
		{5766B6AD-1048-4A7D-9F18-E18002328BB4}.Release|Any CPU.ActiveCfg = Release|Any CPU
		{5766B6AD-1048-4A7D-9F18-E18002328BB4}.Release|Any CPU.Build.0 = Release|Any CPU
	EndGlobalSection
	GlobalSection(SolutionProperties) = preSolution
		HideSolutionNode = FALSE
	EndGlobalSection
	GlobalSection(NestedProjects) = preSolution
		{A0B17D4D-09C4-43C9-A3B2-73F295B98C40} = {C8344E8D-413A-4173-A86F-F58B0FD3DE21}
		{5766B6AD-1048-4A7D-9F18-E18002328BB4} = {C8344E8D-413A-4173-A86F-F58B0FD3DE21}
	EndGlobalSection
	GlobalSection(ExtensibilityGlobals) = postSolution
		SolutionGuid = {C75F2190-6B4B-45BB-A08E-E5301A6B979C}
	EndGlobalSection
EndGlobal
